<Solution>
  <Folder Name="/src/">
    <Project Path="src/SalesManagementSystem.Application/SalesManagementSystem.Application.csproj" />
    <Project Path="src/SalesManagementSystem.Application/SalesManagementSystem.Application.csproj" />
    <Project Path="src/SalesManagementSystem.Application/SalesManagementSystem.Application.csproj" />
  </Folder>
  <Project Path="BikersStore/BikersStore.csproj" />
</Solution>